
Microsoft Visual Studio Solution File, Format Version 12.00
# Visual Studio Version 17
VisualStudioVersion = 17.2.32616.157
MinimumVisualStudioVersion = 10.0.40219.1
Project("{9A19103F-16F7-4668-BE54-9A1E7A4F7556}") = "Proyecto3C", "Proyecto3C\Proyecto3C.csproj", "{89CCF537-1548-4063-9932-FACE1529EBC7}"
EndProject
Project("{FAE04EC0-301F-11D3-BF4B-00C04F79EFBC}") = "Proyecto3C.test", "Proyecto3C.test\Proyecto3C.test.csproj", "{FA674D86-3D57-4576-8F10-E59525B8BD62}"
EndProject
Global
	GlobalSection(SolutionConfigurationPlatforms) = preSolution
		Debug|Any CPU = Debug|Any CPU
		Release|Any CPU = Release|Any CPU
	EndGlobalSection
	GlobalSection(ProjectConfigurationPlatforms) = postSolution
		{89CCF537-1548-4063-9932-FACE1529EBC7}.Debug|Any CPU.ActiveCfg = Debug|Any CPU
		{89CCF537-1548-4063-9932-FACE1529EBC7}.Debug|Any CPU.Build.0 = Debug|Any CPU
		{89CCF537-1548-4063-9932-FACE1529EBC7}.Release|Any CPU.ActiveCfg = Release|Any CPU
		{89CCF537-1548-4063-9932-FACE1529EBC7}.Release|Any CPU.Build.0 = Release|Any CPU
		{FA674D86-3D57-4576-8F10-E59525B8BD62}.Debug|Any CPU.ActiveCfg = Debug|Any CPU
		{FA674D86-3D57-4576-8F10-E59525B8BD62}.Debug|Any CPU.Build.0 = Debug|Any CPU
		{FA674D86-3D57-4576-8F10-E59525B8BD62}.Release|Any CPU.ActiveCfg = Release|Any CPU
		{FA674D86-3D57-4576-8F10-E59525B8BD62}.Release|Any CPU.Build.0 = Release|Any CPU
	EndGlobalSection
	GlobalSection(SolutionProperties) = preSolution
		HideSolutionNode = FALSE
	EndGlobalSection
	GlobalSection(ExtensibilityGlobals) = postSolution
		SolutionGuid = {33BA364E-3402-405B-84D2-A69DDB8C0B39}
	EndGlobalSection
EndGlobal
